
Microsoft Visual Studio Solution File, Format Version 12.00
# Visual Studio Version 17
VisualStudioVersion = 17.3.32922.545
MinimumVisualStudioVersion = 10.0.40219.1
Project("{FAE04EC0-301F-11D3-BF4B-00C04F79EFBC}") = "WebApp", "WebApp\WebApp.csproj", "{910E3FB9-6AD7-4347-BB32-3AE2E9A30C04}"
EndProject
Global
	GlobalSection(SolutionConfigurationPlatforms) = preSolution
		Debug|Any CPU = Debug|Any CPU
		Release|Any CPU = Release|Any CPU
	EndGlobalSection
	GlobalSection(ProjectConfigurationPlatforms) = postSolution
		{910E3FB9-6AD7-4347-BB32-3AE2E9A30C04}.Debug|Any CPU.ActiveCfg = Debug|Any CPU
		{910E3FB9-6AD7-4347-BB32-3AE2E9A30C04}.Debug|Any CPU.Build.0 = Debug|Any CPU
		{910E3FB9-6AD7-4347-BB32-3AE2E9A30C04}.Release|Any CPU.ActiveCfg = Release|Any CPU
		{910E3FB9-6AD7-4347-BB32-3AE2E9A30C04}.Release|Any CPU.Build.0 = Release|Any CPU
	EndGlobalSection
	GlobalSection(SolutionProperties) = preSolution
		HideSolutionNode = FALSE
	EndGlobalSection
	GlobalSection(ExtensibilityGlobals) = postSolution
		SolutionGuid = {36CC2A74-B9A9-40B8-97A3-AC736DEAD8C9}
	EndGlobalSection
EndGlobal
